
Microsoft Visual Studio Solution File, Format Version 12.00
# Visual Studio Version 16
VisualStudioVersion = 16.0.30204.135
MinimumVisualStudioVersion = 10.0.40219.1
Project("{FAE04EC0-301F-11D3-BF4B-00C04F79EFBC}") = "WindowsFormsApp1", "WindowsFormsApp1\WindowsFormsApp1.csproj", "{39044B60-F2A8-4B9F-8E65-9F87BAEC83BD}"
EndProject
Global
	GlobalSection(SolutionConfigurationPlatforms) = preSolution
		Debug|Any CPU = Debug|Any CPU
		Debug|x64 = Debug|x64
		Release|Any CPU = Release|Any CPU
		Release|x64 = Release|x64
	EndGlobalSection
	GlobalSection(ProjectConfigurationPlatforms) = postSolution
		{39044B60-F2A8-4B9F-8E65-9F87BAEC83BD}.Debug|Any CPU.ActiveCfg = Debug|Any CPU
		{39044B60-F2A8-4B9F-8E65-9F87BAEC83BD}.Debug|Any CPU.Build.0 = Debug|Any CPU
		{39044B60-F2A8-4B9F-8E65-9F87BAEC83BD}.Debug|x64.ActiveCfg = Debug|x64
		{39044B60-F2A8-4B9F-8E65-9F87BAEC83BD}.Debug|x64.Build.0 = Debug|x64
		{39044B60-F2A8-4B9F-8E65-9F87BAEC83BD}.Release|Any CPU.ActiveCfg = Release|Any CPU
		{39044B60-F2A8-4B9F-8E65-9F87BAEC83BD}.Release|Any CPU.Build.0 = Release|Any CPU
		{39044B60-F2A8-4B9F-8E65-9F87BAEC83BD}.Release|x64.ActiveCfg = Release|x64
		{39044B60-F2A8-4B9F-8E65-9F87BAEC83BD}.Release|x64.Build.0 = Release|x64
	EndGlobalSection
	GlobalSection(SolutionProperties) = preSolution
		HideSolutionNode = FALSE
	EndGlobalSection
	GlobalSection(ExtensibilityGlobals) = postSolution
		SolutionGuid = {F9C00A5F-6C78-41A8-959B-6977B6C1D15E}
	EndGlobalSection
EndGlobal
